schema: '2.0'
stages:
  data_integration:
    cmd: python pipeline/data_integration.py
    deps:
    - path: dataset/titanic_toy.csv
      hash: md5
      md5: 1b7f701c338a4f4988464c5faee84d6a
      size: 13397
    - path: pipeline/data_integration.py
      hash: md5
      md5: 3092f3c72712669fed777a602d68f00a
      size: 2348
    outs:
    - path: df.csv
      hash: md5
      md5: 1b7f701c338a4f4988464c5faee84d6a
      size: 13397
  data_processing:
    cmd: python pipeline/data_processing.py
    deps:
    - path: dataset/titanic_toy.csv
      hash: md5
      md5: 1b7f701c338a4f4988464c5faee84d6a
      size: 13397
    outs:
    - path: processed_data/X_test.csv
      hash: md5
      md5: feffb9a9db6d7ed35f0e239d277973fe
      size: 2364
    - path: processed_data/X_train.csv
      hash: md5
      md5: 7d6ef010dbbc104a21edb0f18df9961f
      size: 9259
    - path: processed_data/y_test.csv
      hash: md5
      md5: 48e5bdf5b57544b1854551042c077f33
      size: 547
    - path: processed_data/y_train.csv
      hash: md5
      md5: 9f0572ceb4b0bb20f65c8e10fc271022
      size: 2146
  model_building:
    cmd: python pipeline/model_building.py
    deps:
    - path: params.yaml
      hash: md5
      md5: 10fede19afeae8379d1d3a8c70938929
      size: 113
    - path: processed_data/X_train.csv
      hash: md5
      md5: 7d6ef010dbbc104a21edb0f18df9961f
      size: 9259
    - path: processed_data/y_train.csv
      hash: md5
      md5: 9f0572ceb4b0bb20f65c8e10fc271022
      size: 2146
    outs:
    - path: models/model.pkl
      hash: md5
      md5: 34c460751a2ff409c4290e0597ba0181
      size: 16889
  model_evaluation:
    cmd: python pipeline/model_evaluation.py
    deps:
    - path: models/model.pkl
      hash: md5
      md5: 34c460751a2ff409c4290e0597ba0181
      size: 16889
    - path: processed_data/X_test.csv
      hash: md5
      md5: feffb9a9db6d7ed35f0e239d277973fe
      size: 2364
    - path: processed_data/y_test.csv
      hash: md5
      md5: 48e5bdf5b57544b1854551042c077f33
      size: 547
    outs:
    - path: evaluation_results/evaluation.txt
      hash: md5
      md5: c3f07cbbe314b6c18de6016eb0caf48a
      size: 378
  model_visualization:
    cmd: python pipeline/model_visualization.py
    deps:
    - path: models/model.pkl
      hash: md5
      md5: 34c460751a2ff409c4290e0597ba0181
      size: 16889
    - path: processed_data/X_test.csv
      hash: md5
      md5: feffb9a9db6d7ed35f0e239d277973fe
      size: 2364
    - path: processed_data/y_test.csv
      hash: md5
      md5: 48e5bdf5b57544b1854551042c077f33
      size: 547
    outs:
    - path: visualizations/confusion_matrix.png
      hash: md5
      md5: 01ac90e267571a7204317202aff2f69e
      size: 19283
    - path: visualizations/decision_tree.png
      hash: md5
      md5: ce5a5405ab18a936eb2cea32ab8c2b3c
      size: 715484
    - path: visualizations/feature_importance.png
      hash: md5
      md5: 18ef3d7a9e914b415749643680c04d57
      size: 10822
    - path: visualizations/roc_curve.png
      hash: md5
      md5: 2054841eb1a8fe2bcdc10d96e0ec787e
      size: 28612
