schema: '2.0'
stages:
  data_integration:
    cmd: python pipeline/data_integration.py
    deps:
    - path: dataset/titanic_toy.csv
      hash: md5
      md5: 1b7f701c338a4f4988464c5faee84d6a
      size: 13397
    - path: pipeline/data_integration.py
      hash: md5
      md5: 3092f3c72712669fed777a602d68f00a
      size: 2348
    outs:
    - path: df.csv
      hash: md5
      md5: 1b7f701c338a4f4988464c5faee84d6a
      size: 13397
  data_processing:
    cmd: python pipeline/data_processing.py
    deps:
    - path: dataset/titanic_toy.csv
      hash: md5
      md5: 1b7f701c338a4f4988464c5faee84d6a
      size: 13397
    - path: pipeline/data_processing.py
      hash: md5
      md5: 74aa54e5d5546adb79b34e48af418e87
      size: 3245
    outs:
    - path: processed_data/X_test.csv
      hash: md5
      md5: feffb9a9db6d7ed35f0e239d277973fe
      size: 2364
    - path: processed_data/X_train.csv
      hash: md5
      md5: 7d6ef010dbbc104a21edb0f18df9961f
      size: 9259
    - path: processed_data/y_test.csv
      hash: md5
      md5: 48e5bdf5b57544b1854551042c077f33
      size: 547
    - path: processed_data/y_train.csv
      hash: md5
      md5: 9f0572ceb4b0bb20f65c8e10fc271022
      size: 2146
  model_building:
    cmd: python pipeline/model_building.py
    deps:
    - path: params.yaml
      hash: md5
      md5: 37bc328e9e865f8874ff29484f4bb380
      size: 113
    - path: processed_data/X_train.csv
      hash: md5
      md5: 7d6ef010dbbc104a21edb0f18df9961f
      size: 9259
    - path: processed_data/y_train.csv
      hash: md5
      md5: 9f0572ceb4b0bb20f65c8e10fc271022
      size: 2146
    outs:
    - path: models/model.pkl
      hash: md5
      md5: c8b7da8cc7700c589cd539050bce6014
      size: 24249
  model_evaluation:
    cmd: python pipeline/model_evaluation.py
    deps:
    - path: models/model.pkl
      hash: md5
      md5: c8b7da8cc7700c589cd539050bce6014
      size: 24249
    - path: processed_data/X_test.csv
      hash: md5
      md5: feffb9a9db6d7ed35f0e239d277973fe
      size: 2364
    - path: processed_data/y_test.csv
      hash: md5
      md5: 48e5bdf5b57544b1854551042c077f33
      size: 547
    outs:
    - path: evaluation_results/evaluation.txt
      hash: md5
      md5: a6dd11c77a11ab5fad003252415cb33c
      size: 378
  model_visualization:
    cmd: python pipeline/model_visualization.py
    deps:
    - path: models/model.pkl
      hash: md5
      md5: c8b7da8cc7700c589cd539050bce6014
      size: 24249
    - path: processed_data/X_test.csv
      hash: md5
      md5: feffb9a9db6d7ed35f0e239d277973fe
      size: 2364
    - path: processed_data/y_test.csv
      hash: md5
      md5: 48e5bdf5b57544b1854551042c077f33
      size: 547
    outs:
    - path: visualizations/confusion_matrix.png
      hash: md5
      md5: a549989734f4e8bd34d67e71119084ff
      size: 19431
    - path: visualizations/decision_tree.png
      hash: md5
      md5: d6a06fd42bb253a496d916a81a73d32d
      size: 772543
    - path: visualizations/feature_importance.png
      hash: md5
      md5: a29d56361decd51050fa0d5356a9fb80
      size: 10822
    - path: visualizations/roc_curve.png
      hash: md5
      md5: c44a1e56668b29180f0560861762393f
      size: 29569
